
Microsoft Visual Studio Solution File, Format Version 11.00
# Visual Studio 2010
Project("{FAE04EC0-301F-11D3-BF4B-00C04F79EFBC}") = "HqFilling", "HqFilling\HqFilling.csproj", "{EE40BE7A-5241-44F5-9033-4589AC23FC72}"
	ProjectSection(ProjectDependencies) = postProject
		{D659B104-0731-40B2-BFAE-D2EF94E6B9B8} = {D659B104-0731-40B2-BFAE-D2EF94E6B9B8}
		{60626E4F-32E4-4426-9937-6E6E582957AE} = {60626E4F-32E4-4426-9937-6E6E582957AE}
		{3F20A874-EB32-4BD9-AFB8-5CE5D882AC57} = {3F20A874-EB32-4BD9-AFB8-5CE5D882AC57}
		{DAAF78A9-1422-43AA-BC98-1F72A4CA0196} = {DAAF78A9-1422-43AA-BC98-1F72A4CA0196}
	EndProjectSection
EndProject
Project("{FAE04EC0-301F-11D3-BF4B-00C04F79EFBC}") = "HqFilling.Biz", "HqFilling.Biz\HqFilling.Biz.csproj", "{3F20A874-EB32-4BD9-AFB8-5CE5D882AC57}"
	ProjectSection(ProjectDependencies) = postProject
		{D659B104-0731-40B2-BFAE-D2EF94E6B9B8} = {D659B104-0731-40B2-BFAE-D2EF94E6B9B8}
		{DAAF78A9-1422-43AA-BC98-1F72A4CA0196} = {DAAF78A9-1422-43AA-BC98-1F72A4CA0196}
	EndProjectSection
EndProject
Project("{FAE04EC0-301F-11D3-BF4B-00C04F79EFBC}") = "HqFilling.DbContext", "HqFilling.DbContext\HqFilling.DbContext.csproj", "{27A86A29-9CA4-497F-8F4C-3B320DF4730E}"
	ProjectSection(ProjectDependencies) = postProject
		{DAAF78A9-1422-43AA-BC98-1F72A4CA0196} = {DAAF78A9-1422-43AA-BC98-1F72A4CA0196}
	EndProjectSection
EndProject
Project("{FAE04EC0-301F-11D3-BF4B-00C04F79EFBC}") = "HqFilling.Repository", "HqFilling.Repository\HqFilling.Repository.csproj", "{D659B104-0731-40B2-BFAE-D2EF94E6B9B8}"
	ProjectSection(ProjectDependencies) = postProject
		{DF592302-1CB1-46B0-9B4F-8F51408A1D50} = {DF592302-1CB1-46B0-9B4F-8F51408A1D50}
		{27A86A29-9CA4-497F-8F4C-3B320DF4730E} = {27A86A29-9CA4-497F-8F4C-3B320DF4730E}
		{DAAF78A9-1422-43AA-BC98-1F72A4CA0196} = {DAAF78A9-1422-43AA-BC98-1F72A4CA0196}
	EndProjectSection
EndProject
Project("{FAE04EC0-301F-11D3-BF4B-00C04F79EFBC}") = "HqFilling.Model", "HqFilling.Model\HqFilling.Model.csproj", "{DAAF78A9-1422-43AA-BC98-1F72A4CA0196}"
EndProject
Project("{FAE04EC0-301F-11D3-BF4B-00C04F79EFBC}") = "HqFilling.Utility", "HqFilling.Utility\HqFilling.Utility.csproj", "{DF592302-1CB1-46B0-9B4F-8F51408A1D50}"
EndProject
Project("{FAE04EC0-301F-11D3-BF4B-00C04F79EFBC}") = "HqFilling.Security", "HqFilling.Security\HqFilling.Security.csproj", "{60626E4F-32E4-4426-9937-6E6E582957AE}"
EndProject
Global
	GlobalSection(SolutionConfigurationPlatforms) = preSolution
		Debug|Any CPU = Debug|Any CPU
		Release|Any CPU = Release|Any CPU
	EndGlobalSection
	GlobalSection(ProjectConfigurationPlatforms) = postSolution
		{EE40BE7A-5241-44F5-9033-4589AC23FC72}.Debug|Any CPU.ActiveCfg = Debug|Any CPU
		{EE40BE7A-5241-44F5-9033-4589AC23FC72}.Debug|Any CPU.Build.0 = Debug|Any CPU
		{EE40BE7A-5241-44F5-9033-4589AC23FC72}.Release|Any CPU.ActiveCfg = Release|Any CPU
		{EE40BE7A-5241-44F5-9033-4589AC23FC72}.Release|Any CPU.Build.0 = Release|Any CPU
		{3F20A874-EB32-4BD9-AFB8-5CE5D882AC57}.Debug|Any CPU.ActiveCfg = Debug|Any CPU
		{3F20A874-EB32-4BD9-AFB8-5CE5D882AC57}.Debug|Any CPU.Build.0 = Debug|Any CPU
		{3F20A874-EB32-4BD9-AFB8-5CE5D882AC57}.Release|Any CPU.ActiveCfg = Release|Any CPU
		{3F20A874-EB32-4BD9-AFB8-5CE5D882AC57}.Release|Any CPU.Build.0 = Release|Any CPU
		{27A86A29-9CA4-497F-8F4C-3B320DF4730E}.Debug|Any CPU.ActiveCfg = Debug|Any CPU
		{27A86A29-9CA4-497F-8F4C-3B320DF4730E}.Debug|Any CPU.Build.0 = Debug|Any CPU
		{27A86A29-9CA4-497F-8F4C-3B320DF4730E}.Release|Any CPU.ActiveCfg = Release|Any CPU
		{27A86A29-9CA4-497F-8F4C-3B320DF4730E}.Release|Any CPU.Build.0 = Release|Any CPU
		{D659B104-0731-40B2-BFAE-D2EF94E6B9B8}.Debug|Any CPU.ActiveCfg = Debug|Any CPU
		{D659B104-0731-40B2-BFAE-D2EF94E6B9B8}.Debug|Any CPU.Build.0 = Debug|Any CPU
		{D659B104-0731-40B2-BFAE-D2EF94E6B9B8}.Release|Any CPU.ActiveCfg = Release|Any CPU
		{D659B104-0731-40B2-BFAE-D2EF94E6B9B8}.Release|Any CPU.Build.0 = Release|Any CPU
		{DAAF78A9-1422-43AA-BC98-1F72A4CA0196}.Debug|Any CPU.ActiveCfg = Debug|Any CPU
		{DAAF78A9-1422-43AA-BC98-1F72A4CA0196}.Debug|Any CPU.Build.0 = Debug|Any CPU
		{DAAF78A9-1422-43AA-BC98-1F72A4CA0196}.Release|Any CPU.ActiveCfg = Release|Any CPU
		{DAAF78A9-1422-43AA-BC98-1F72A4CA0196}.Release|Any CPU.Build.0 = Release|Any CPU
		{DF592302-1CB1-46B0-9B4F-8F51408A1D50}.Debug|Any CPU.ActiveCfg = Debug|Any CPU
		{DF592302-1CB1-46B0-9B4F-8F51408A1D50}.Debug|Any CPU.Build.0 = Debug|Any CPU
		{DF592302-1CB1-46B0-9B4F-8F51408A1D50}.Release|Any CPU.ActiveCfg = Release|Any CPU
		{DF592302-1CB1-46B0-9B4F-8F51408A1D50}.Release|Any CPU.Build.0 = Release|Any CPU
		{60626E4F-32E4-4426-9937-6E6E582957AE}.Debug|Any CPU.ActiveCfg = Debug|Any CPU
		{60626E4F-32E4-4426-9937-6E6E582957AE}.Debug|Any CPU.Build.0 = Debug|Any CPU
		{60626E4F-32E4-4426-9937-6E6E582957AE}.Release|Any CPU.ActiveCfg = Release|Any CPU
		{60626E4F-32E4-4426-9937-6E6E582957AE}.Release|Any CPU.Build.0 = Release|Any CPU
	EndGlobalSection
	GlobalSection(SolutionProperties) = preSolution
		HideSolutionNode = FALSE
	EndGlobalSection
EndGlobal
